// !$*UTF8*$!
{
	archiveVersion = 1;
	classes = {
	};
	objectVersion = 50;
	objects = {

/* Begin PBXBuildFile section */
		4148AFDA4D1CFC0DDA4CA801 /* Pods_HandyJsonDemo.framework in Frameworks */ = {isa = PBXBuildFile; fileRef = 6F9837E93E4844322BDA324A /* Pods_HandyJsonDemo.framework */; };
		7E42DEC520DE1F0D0019AF57 /* downloadhh.json in Resources */ = {isa = PBXBuildFile; fileRef = 7E42DEC420DE1F0D0019AF57 /* downloadhh.json */; };
		7E561C1F20DDF30F00FFF827 /* AppDelegate.swift in Sources */ = {isa = PBXBuildFile; fileRef = 7E561C1E20DDF30F00FFF827 /* AppDelegate.swift */; };
		7E561C2120DDF30F00FFF827 /* ViewController.swift in Sources */ = {isa = PBXBuildFile; fileRef = 7E561C2020DDF30F00FFF827 /* ViewController.swift */; };
		7E561C2420DDF30F00FFF827 /* Main.storyboard in Resources */ = {isa = PBXBuildFile; fileRef = 7E561C2220DDF30F00FFF827 /* Main.storyboard */; };
		7E561C2620DDF31100FFF827 /* Assets.xcassets in Resources */ = {isa = PBXBuildFile; fileRef = 7E561C2520DDF31100FFF827 /* Assets.xcassets */; };
		7E561C2920DDF31100FFF827 /* LaunchScreen.storyboard in Resources */ = {isa = PBXBuildFile; fileRef = 7E561C2720DDF31100FFF827 /* LaunchScreen.storyboard */; };
		7E561C3120DDF44800FFF827 /* download_config_initial.json in Resources */ = {isa = PBXBuildFile; fileRef = 7E561C3020DDF44800FFF827 /* download_config_initial.json */; };
/* End PBXBuildFile section */

/* Begin PBXFileReference section */
		6F9837E93E4844322BDA324A /* Pods_HandyJsonDemo.framework */ = {isa = PBXFileReference; explicitFileType = wrapper.framework; includeInIndex = 0; path = Pods_HandyJsonDemo.framework; sourceTree = BUILT_PRODUCTS_DIR; };
		7DBAF555DABD0BA197996816 /* Pods-HandyJsonDemo.release.xcconfig */ = {isa = PBXFileReference; includeInIndex = 1; lastKnownFileType = text.xcconfig; name = "Pods-HandyJsonDemo.release.xcconfig"; path = "Pods/Target Support Files/Pods-HandyJsonDemo/Pods-HandyJsonDemo.release.xcconfig"; sourceTree = "<group>"; };
		7E42DEC420DE1F0D0019AF57 /* downloadhh.json */ = {isa = PBXFileReference; fileEncoding = 4; lastKnownFileType = text.json; path = downloadhh.json; sourceTree = "<group>"; };
		7E561C1B20DDF30F00FFF827 /* HandyJsonDemo.app */ = {isa = PBXFileReference; explicitFileType = wrapper.application; includeInIndex = 0; path = HandyJsonDemo.app; sourceTree = BUILT_PRODUCTS_DIR; };
		7E561C1E20DDF30F00FFF827 /* AppDelegate.swift */ = {isa = PBXFileReference; lastKnownFileType = sourcecode.swift; path = AppDelegate.swift; sourceTree = "<group>"; };
		7E561C2020DDF30F00FFF827 /* ViewController.swift */ = {isa = PBXFileReference; lastKnownFileType = sourcecode.swift; path = ViewController.swift; sourceTree = "<group>"; };
		7E561C2320DDF30F00FFF827 /* Base */ = {isa = PBXFileReference; lastKnownFileType = file.storyboard; name = Base; path = Base.lproj/Main.storyboard; sourceTree = "<group>"; };
		7E561C2520DDF31100FFF827 /* Assets.xcassets */ = {isa = PBXFileReference; lastKnownFileType = folder.assetcatalog; path = Assets.xcassets; sourceTree = "<group>"; };
		7E561C2820DDF31100FFF827 /* Base */ = {isa = PBXFileReference; lastKnownFileType = file.storyboard; name = Base; path = Base.lproj/LaunchScreen.storyboard; sourceTree = "<group>"; };
		7E561C2A20DDF31100FFF827 /* Info.plist */ = {isa = PBXFileReference; lastKnownFileType = text.plist.xml; path = Info.plist; sourceTree = "<group>"; };
		7E561C3020DDF44800FFF827 /* download_config_initial.json */ = {isa = PBXFileReference; fileEncoding = 4; lastKnownFileType = text.json; path = download_config_initial.json; sourceTree = "<group>"; };
		D0E641B055FA32527C6EB132 /* Pods-HandyJsonDemo.debug.xcconfig */ = {isa = PBXFileReference; includeInIndex = 1; lastKnownFileType = text.xcconfig; name = "Pods-HandyJsonDemo.debug.xcconfig"; path = "Pods/Target Support Files/Pods-HandyJsonDemo/Pods-HandyJsonDemo.debug.xcconfig"; sourceTree = "<group>"; };
/* End PBXFileReference section */

/* Begin PBXFrameworksBuildPhase section */
		7E561C1820DDF30F00FFF827 /* Frameworks */ = {
			isa = PBXFrameworksBuildPhase;
			buildActionMask = 2147483647;
			files = (
				4148AFDA4D1CFC0DDA4CA801 /* Pods_HandyJsonDemo.framework in Frameworks */,
			);
			runOnlyForDeploymentPostprocessing = 0;
		};
/* End PBXFrameworksBuildPhase section */

/* Begin PBXGroup section */
		407E856037E1FC3983F80D62 /* Frameworks */ = {
			isa = PBXGroup;
			children = (
				6F9837E93E4844322BDA324A /* Pods_HandyJsonDemo.framework */,
			);
			name = Frameworks;
			sourceTree = "<group>";
		};
		7E561C1220DDF30F00FFF827 = {
			isa = PBXGroup;
			children = (
				7E561C1D20DDF30F00FFF827 /* HandyJsonDemo */,
				7E561C1C20DDF30F00FFF827 /* Products */,
				D1743249A4D89BC241F8096D /* Pods */,
				407E856037E1FC3983F80D62 /* Frameworks */,
			);
			sourceTree = "<group>";
		};
		7E561C1C20DDF30F00FFF827 /* Products */ = {
			isa = PBXGroup;
			children = (
				7E561C1B20DDF30F00FFF827 /* HandyJsonDemo.app */,
			);
			name = Products;
			sourceTree = "<group>";
		};
		7E561C1D20DDF30F00FFF827 /* HandyJsonDemo */ = {
			isa = PBXGroup;
			children = (
				7E42DEC420DE1F0D0019AF57 /* downloadhh.json */,
				7E561C3020DDF44800FFF827 /* download_config_initial.json */,
				7E561C1E20DDF30F00FFF827 /* AppDelegate.swift */,
				7E561C2020DDF30F00FFF827 /* ViewController.swift */,
				7E561C2220DDF30F00FFF827 /* Main.storyboard */,
				7E561C2520DDF31100FFF827 /* Assets.xcassets */,
				7E561C2720DDF31100FFF827 /* LaunchScreen.storyboard */,
				7E561C2A20DDF31100FFF827 /* Info.plist */,
			);
			path = HandyJsonDemo;
			sourceTree = "<group>";
		};
		D1743249A4D89BC241F8096D /* Pods */ = {
			isa = PBXGroup;
			children = (
				D0E641B055FA32527C6EB132 /* Pods-HandyJsonDemo.debug.xcconfig */,
				7DBAF555DABD0BA197996816 /* Pods-HandyJsonDemo.release.xcconfig */,
			);
			name = Pods;
			sourceTree = "<group>";
		};
/* End PBXGroup section */

/* Begin PBXNativeTarget section */
		7E561C1A20DDF30F00FFF827 /* HandyJsonDemo */ = {
			isa = PBXNativeTarget;
			buildConfigurationList = 7E561C2D20DDF31100FFF827 /* Build configuration list for PBXNativeTarget "HandyJsonDemo" */;
			buildPhases = (
				8FABDD202D0513AEFB42D1EC /* [CP] Check Pods Manifest.lock */,
				7E561C1720DDF30F00FFF827 /* Sources */,
				7E561C1820DDF30F00FFF827 /* Frameworks */,
				7E561C1920DDF30F00FFF827 /* Resources */,
				6DD2174F9C265ABFCBABE0AB /* [CP] Embed Pods Frameworks */,
				3F9902059A976825F26A502A /* [CP] Copy Pods Resources */,
			);
			buildRules = (
			);
			dependencies = (
			);
			name = HandyJsonDemo;
			productName = HandyJsonDemo;
			productReference = 7E561C1B20DDF30F00FFF827 /* HandyJsonDemo.app */;
			productType = "com.apple.product-type.application";
		};
/* End PBXNativeTarget section */

/* Begin PBXProject section */
		7E561C1320DDF30F00FFF827 /* Project object */ = {
			isa = PBXProject;
			attributes = {
				LastSwiftUpdateCheck = 0930;
				LastUpgradeCheck = 0930;
				ORGANIZATIONNAME = mac126;
				TargetAttributes = {
					7E561C1A20DDF30F00FFF827 = {
						CreatedOnToolsVersion = 9.3;
					};
				};
			};
			buildConfigurationList = 7E561C1620DDF30F00FFF827 /* Build configuration list for PBXProject "HandyJsonDemo" */;
			compatibilityVersion = "Xcode 9.3";
			developmentRegion = en;
			hasScannedForEncodings = 0;
			knownRegions = (
				en,
				Base,
			);
			mainGroup = 7E561C1220DDF30F00FFF827;
			productRefGroup = 7E561C1C20DDF30F00FFF827 /* Products */;
			projectDirPath = "";
			projectRoot = "";
			targets = (
				7E561C1A20DDF30F00FFF827 /* HandyJsonDemo */,
			);
		};
/* End PBXProject section */

/* Begin PBXResourcesBuildPhase section */
		7E561C1920DDF30F00FFF827 /* Resources */ = {
			isa = PBXResourcesBuildPhase;
			buildActionMask = 2147483647;
			files = (
				7E561C2920DDF31100FFF827 /* LaunchScreen.storyboard in Resources */,
				7E561C2620DDF31100FFF827 /* Assets.xcassets in Resources */,
				7E561C3120DDF44800FFF827 /* download_config_initial.json in Resources */,
				7E561C2420DDF30F00FFF827 /* Main.storyboard in Resources */,
				7E42DEC520DE1F0D0019AF57 /* downloadhh.json in Resources */,
			);
			runOnlyForDeploymentPostprocessing = 0;
		};
/* End PBXResourcesBuildPhase section */

/* Begin PBXShellScriptBuildPhase section */
		3F9902059A976825F26A502A /* [CP] Copy Pods Resources */ = {
			isa = PBXShellScriptBuildPhase;
			buildActionMask = 2147483647;
			files = (
			);
			inputPaths = (
			);
			name = "[CP] Copy Pods Resources";
			outputPaths = (
			);
			runOnlyForDeploymentPostprocessing = 0;
			shellPath = /bin/sh;
			shellScript = "\"${SRCROOT}/Pods/Target Support Files/Pods-HandyJsonDemo/Pods-HandyJsonDemo-resources.sh\"\n";
			showEnvVarsInLog = 0;
		};
		6DD2174F9C265ABFCBABE0AB /* [CP] Embed Pods Frameworks */ = {
			isa = PBXShellScriptBuildPhase;
			buildActionMask = 2147483647;
			files = (
			);
			inputPaths = (
				"${SRCROOT}/Pods/Target Support Files/Pods-HandyJsonDemo/Pods-HandyJsonDemo-frameworks.sh",
				"${BUILT_PRODUCTS_DIR}/HandyJSON/HandyJSON.framework",
			);
			name = "[CP] Embed Pods Frameworks";
			outputPaths = (
				"${TARGET_BUILD_DIR}/${FRAMEWORKS_FOLDER_PATH}/HandyJSON.framework",
			);
			runOnlyForDeploymentPostprocessing = 0;
			shellPath = /bin/sh;
			shellScript = "\"${SRCROOT}/Pods/Target Support Files/Pods-HandyJsonDemo/Pods-HandyJsonDemo-frameworks.sh\"\n";
			showEnvVarsInLog = 0;
		};
		8FABDD202D0513AEFB42D1EC /* [CP] Check Pods Manifest.lock */ = {
			isa = PBXShellScriptBuildPhase;
			buildActionMask = 2147483647;
			files = (
			);
			inputPaths = (
				"${PODS_PODFILE_DIR_PATH}/Podfile.lock",
				"${PODS_ROOT}/Manifest.lock",
			);
			name = "[CP] Check Pods Manifest.lock";
			outputPaths = (
				"$(DERIVED_FILE_DIR)/Pods-HandyJsonDemo-checkManifestLockResult.txt",
			);
			runOnlyForDeploymentPostprocessing = 0;
			shellPath = /bin/sh;
			shellScript = "diff \"${PODS_PODFILE_DIR_PATH}/Podfile.lock\" \"${PODS_ROOT}/Manifest.lock\" > /dev/null\nif [ $? != 0 ] ; then\n    # print error to STDERR\n    echo \"error: The sandbox is not in sync with the Podfile.lock. Run 'pod install' or update your CocoaPods installation.\" >&2\n    exit 1\nfi\n# This output is used by Xcode 'outputs' to avoid re-running this script phase.\necho \"SUCCESS\" > \"${SCRIPT_OUTPUT_FILE_0}\"\n";
			showEnvVarsInLog = 0;
		};
/* End PBXShellScriptBuildPhase section */

/* Begin PBXSourcesBuildPhase section */
		7E561C1720DDF30F00FFF827 /* Sources */ = {
			isa = PBXSourcesBuildPhase;
			buildActionMask = 2147483647;
			files = (
				7E561C2120DDF30F00FFF827 /* ViewController.swift in Sources */,
				7E561C1F20DDF30F00FFF827 /* AppDelegate.swift in Sources */,
			);
			runOnlyForDeploymentPostprocessing = 0;
		};
/* End PBXSourcesBuildPhase section */

/* Begin PBXVariantGroup section */
		7E561C2220DDF30F00FFF827 /* Main.storyboard */ = {
			isa = PBXVariantGroup;
			children = (
				7E561C2320DDF30F00FFF827 /* Base */,
			);
			name = Main.storyboard;
			sourceTree = "<group>";
		};
		7E561C2720DDF31100FFF827 /* LaunchScreen.storyboard */ = {
			isa = PBXVariantGroup;
			children = (
				7E561C2820DDF31100FFF827 /* Base */,
			);
			name = LaunchScreen.storyboard;
			sourceTree = "<group>";
		};
/* End PBXVariantGroup section */

/* Begin XCBuildConfiguration section */
		7E561C2B20DDF31100FFF827 /* Debug */ = {
			isa = XCBuildConfiguration;
			buildSettings = {
				ALWAYS_SEARCH_USER_PATHS = NO;
				CLANG_ANALYZER_NONNULL = YES;
				CLANG_ANALYZER_NUMBER_OBJECT_CONVERSION = YES_AGGRESSIVE;
				CLANG_CXX_LANGUAGE_STANDARD = "gnu++14";
				CLANG_CXX_LIBRARY = "libc++";
				CLANG_ENABLE_MODULES = YES;
				CLANG_ENABLE_OBJC_ARC = YES;
				CLANG_ENABLE_OBJC_WEAK = YES;
				CLANG_WARN_BLOCK_CAPTURE_AUTORELEASING = YES;
				CLANG_WARN_BOOL_CONVERSION = YES;
				CLANG_WARN_COMMA = YES;
				CLANG_WARN_CONSTANT_CONVERSION = YES;
				CLANG_WARN_DEPRECATED_OBJC_IMPLEMENTATIONS = YES;
				CLANG_WARN_DIRECT_OBJC_ISA_USAGE = YES_ERROR;
				CLANG_WARN_DOCUMENTATION_COMMENTS = YES;
				CLANG_WARN_EMPTY_BODY = YES;
				CLANG_WARN_ENUM_CONVERSION = YES;
				CLANG_WARN_INFINITE_RECURSION = YES;
				CLANG_WARN_INT_CONVERSION = YES;
				CLANG_WARN_NON_LITERAL_NULL_CONVERSION = YES;
				CLANG_WARN_OBJC_IMPLICIT_RETAIN_SELF = YES;
				CLANG_WARN_OBJC_LITERAL_CONVERSION = YES;
				CLANG_WARN_OBJC_ROOT_CLASS = YES_ERROR;
				CLANG_WARN_RANGE_LOOP_ANALYSIS = YES;
				CLANG_WARN_STRICT_PROTOTYPES = YES;
				CLANG_WARN_SUSPICIOUS_MOVE = YES;
				CLANG_WARN_UNGUARDED_AVAILABILITY = YES_AGGRESSIVE;
				CLANG_WARN_UNREACHABLE_CODE = YES;
				CLANG_WARN__DUPLICATE_METHOD_MATCH = YES;
				CODE_SIGN_IDENTITY = "iPhone Developer";
				COPY_PHASE_STRIP = NO;
				DEBUG_INFORMATION_FORMAT = dwarf;
				ENABLE_STRICT_OBJC_MSGSEND = YES;
				ENABLE_TESTABILITY = YES;
				GCC_C_LANGUAGE_STANDARD = gnu11;
				GCC_DYNAMIC_NO_PIC = NO;
				GCC_NO_COMMON_BLOCKS = YES;
				GCC_OPTIMIZATION_LEVEL = 0;
				GCC_PREPROCESSOR_DEFINITIONS = (
					"DEBUG=1",
					"$(inherited)",
				);
				GCC_WARN_64_TO_32_BIT_CONVERSION = YES;
				GCC_WARN_ABOUT_RETURN_TYPE = YES_ERROR;
				GCC_WARN_UNDECLARED_SELECTOR = YES;
				GCC_WARN_UNINITIALIZED_AUTOS = YES_AGGRESSIVE;
				GCC_WARN_UNUSED_FUNCTION = YES;
				GCC_WARN_UNUSED_VARIABLE = YES;
				IPHONEOS_DEPLOYMENT_TARGET = 11.3;
				MTL_ENABLE_DEBUG_INFO = YES;
				ONLY_ACTIVE_ARCH = YES;
				SDKROOT = iphoneos;
				SWIFT_ACTIVE_COMPILATION_CONDITIONS = DEBUG;
				SWIFT_OPTIMIZATION_LEVEL = "-Onone";
			};
			name = Debug;
		};
		7E561C2C20DDF31100FFF827 /* Release */ = {
			isa = XCBuildConfiguration;
			buildSettings = {
				ALWAYS_SEARCH_USER_PATHS = NO;
				CLANG_ANALYZER_NONNULL = YES;
				CLANG_ANALYZER_NUMBER_OBJECT_CONVERSION = YES_AGGRESSIVE;
				CLANG_CXX_LANGUAGE_STANDARD = "gnu++14";
				CLANG_CXX_LIBRARY = "libc++";
				CLANG_ENABLE_MODULES = YES;
				CLANG_ENABLE_OBJC_ARC = YES;
				CLANG_ENABLE_OBJC_WEAK = YES;
				CLANG_WARN_BLOCK_CAPTURE_AUTORELEASING = YES;
				CLANG_WARN_BOOL_CONVERSION = YES;
				CLANG_WARN_COMMA = YES;
				CLANG_WARN_CONSTANT_CONVERSION = YES;
				CLANG_WARN_DEPRECATED_OBJC_IMPLEMENTATIONS = YES;
				CLANG_WARN_DIRECT_OBJC_ISA_USAGE = YES_ERROR;
				CLANG_WARN_DOCUMENTATION_COMMENTS = YES;
				CLANG_WARN_EMPTY_BODY = YES;
				CLANG_WARN_ENUM_CONVERSION = YES;
				CLANG_WARN_INFINITE_RECURSION = YES;
				CLANG_WARN_INT_CONVERSION = YES;
				CLANG_WARN_NON_LITERAL_NULL_CONVERSION = YES;
				CLANG_WARN_OBJC_IMPLICIT_RETAIN_SELF = YES;
				CLANG_WARN_OBJC_LITERAL_CONVERSION = YES;
				CLANG_WARN_OBJC_ROOT_CLASS = YES_ERROR;
				CLANG_WARN_RANGE_LOOP_ANALYSIS = YES;
				CLANG_WARN_STRICT_PROTOTYPES = YES;
				CLANG_WARN_SUSPICIOUS_MOVE = YES;
				CLANG_WARN_UNGUARDED_AVAILABILITY = YES_AGGRESSIVE;
				CLANG_WARN_UNREACHABLE_CODE = YES;
				CLANG_WARN__DUPLICATE_METHOD_MATCH = YES;
				CODE_SIGN_IDENTITY = "iPhone Developer";
				COPY_PHASE_STRIP = NO;
				DEBUG_INFORMATION_FORMAT = "dwarf-with-dsym";
				ENABLE_NS_ASSERTIONS = NO;
				ENABLE_STRICT_OBJC_MSGSEND = YES;
				GCC_C_LANGUAGE_STANDARD = gnu11;
				GCC_NO_COMMON_BLOCKS = YES;
				GCC_WARN_64_TO_32_BIT_CONVERSION = YES;
				GCC_WARN_ABOUT_RETURN_TYPE = YES_ERROR;
				GCC_WARN_UNDECLARED_SELECTOR = YES;
				GCC_WARN_UNINITIALIZED_AUTOS = YES_AGGRESSIVE;
				GCC_WARN_UNUSED_FUNCTION = YES;
				GCC_WARN_UNUSED_VARIABLE = YES;
				IPHONEOS_DEPLOYMENT_TARGET = 11.3;
				MTL_ENABLE_DEBUG_INFO = NO;
				SDKROOT = iphoneos;
				SWIFT_COMPILATION_MODE = wholemodule;
				SWIFT_OPTIMIZATION_LEVEL = "-O";
				VALIDATE_PRODUCT = YES;
			};
			name = Release;
		};
		7E561C2E20DDF31100FFF827 /* Debug */ = {
			isa = XCBuildConfiguration;
			baseConfigurationReference = D0E641B055FA32527C6EB132 /* Pods-HandyJsonDemo.debug.xcconfig */;
			buildSettings = {
				ASSETCATALOG_COMPILER_APPICON_NAME = AppIcon;
				CODE_SIGN_STYLE = Automatic;
				DEVELOPMENT_TEAM = 3NV32R76SX;
				INFOPLIST_FILE = HandyJsonDemo/Info.plist;
				LD_RUNPATH_SEARCH_PATHS = (
					"$(inherited)",
					"@executable_path/Frameworks",
				);
				PRODUCT_BUNDLE_IDENTIFIER = com.betasmart.HandyJsonDemo;
				PRODUCT_NAME = "$(TARGET_NAME)";
				SWIFT_VERSION = 4.0;
				TARGETED_DEVICE_FAMILY = "1,2";
			};
			name = Debug;
		};
		7E561C2F20DDF31100FFF827 /* Release */ = {
			isa = XCBuildConfiguration;
			baseConfigurationReference = 7DBAF555DABD0BA197996816 /* Pods-HandyJsonDemo.release.xcconfig */;
			buildSettings = {
				ASSETCATALOG_COMPILER_APPICON_NAME = AppIcon;
				CODE_SIGN_STYLE = Automatic;
				DEVELOPMENT_TEAM = 3NV32R76SX;
				INFOPLIST_FILE = HandyJsonDemo/Info.plist;
				LD_RUNPATH_SEARCH_PATHS = (
					"$(inherited)",
					"@executable_path/Frameworks",
				);
				PRODUCT_BUNDLE_IDENTIFIER = com.betasmart.HandyJsonDemo;
				PRODUCT_NAME = "$(TARGET_NAME)";
				SWIFT_VERSION = 4.0;
				TARGETED_DEVICE_FAMILY = "1,2";
			};
			name = Release;
		};
/* End XCBuildConfiguration section */

/* Begin XCConfigurationList section */
		7E561C1620DDF30F00FFF827 /* Build configuration list for PBXProject "HandyJsonDemo" */ = {
			isa = XCConfigurationList;
			buildConfigurations = (
				7E561C2B20DDF31100FFF827 /* Debug */,
				7E561C2C20DDF31100FFF827 /* Release */,
			);
			defaultConfigurationIsVisible = 0;
			defaultConfigurationName = Release;
		};
		7E561C2D20DDF31100FFF827 /* Build configuration list for PBXNativeTarget "HandyJsonDemo" */ = {
			isa = XCConfigurationList;
			buildConfigurations = (
				7E561C2E20DDF31100FFF827 /* Debug */,
				7E561C2F20DDF31100FFF827 /* Release */,
			);
			defaultConfigurationIsVisible = 0;
			defaultConfigurationName = Release;
		};
/* End XCConfigurationList section */
	};
	rootObject = 7E561C1320DDF30F00FFF827 /* Project object */;
}
